lockfileVersion: "6.0"

settings:
  autoInstallPeers: true
  excludeLinksFromLockfile: false

devDependencies:
  prettier:
    specifier: ^3.6.2
    version: 3.6.2
  prettier-plugin-toml:
    specifier: ^2.0.6
    version: 2.0.6(prettier@3.6.2)
  pyright:
    specifier: ^1.1.405
    version: 1.1.405

packages:
  /@taplo/core@0.2.0:
    resolution:
      {
        integrity: sha512-r8bl54Zj1In3QLkiW/ex694bVzpPJ9EhwqT9xkcUVODnVUGirdB1JTsmiIv0o1uwqZiwhi8xNnTOQBRQCpizrQ==,
      }
    dev: true

  /@taplo/lib@0.5.0:
    resolution:
      {
        integrity: sha512-+xIqpQXJco3T+VGaTTwmhxLa51qpkQxCjRwezjFZgr+l21ExlywJFcDfTrNmL6lG6tqb0h8GyJKO3UPGPtSCWg==,
      }
    dependencies:
      "@taplo/core": 0.2.0
    dev: true

  /fsevents@2.3.3:
    resolution:
      {
        integrity: sha512-5xoDfX+fL7faATnagmWPpbFtwh/R77WmMMqqHGS65C3vvB0YHrgF+B1YmZ3441tMj5n63k0212XNoJwzlhffQw==,
      }
    engines: { node: ^8.16.0 || ^10.6.0 || >=11.0.0 }
    os: [darwin]
    requiresBuild: true
    dev: true
    optional: true

  /prettier-plugin-toml@2.0.6(prettier@3.6.2):
    resolution:
      {
        integrity: sha512-12N/wBuHa9jd/KVy9pRP20NMKxQfQLMseQCt66lIbLaPLItvGUcSIryE1eZZMJ7loSws6Ig3M2Elc2EreNh76w==,
      }
    engines: { node: ">=16.0.0" }
    peerDependencies:
      prettier: ^3.0.3
    dependencies:
      "@taplo/lib": 0.5.0
      prettier: 3.6.2
    dev: true

  /prettier@3.6.2:
    resolution:
      {
        integrity: sha512-I7AIg5boAr5R0FFtJ6rCfD+LFsWHp81dolrFD8S79U9tb8Az2nGrJncnMSnys+bpQJfRUzqs9hnA81OAA3hCuQ==,
      }
    engines: { node: ">=14" }
    hasBin: true
    dev: true

  /pyright@1.1.405:
    resolution:
      {
        integrity: sha512-hgy12kLZ1oAMtl9LTsByHftg3AD6Pouwu5rBsQlqYQqCCdGBgaQm9XDAPDap7ayWe9W+NWrUwO7Zy1K7uXoE2A==,
      }
    engines: { node: ">=14.0.0" }
    hasBin: true
    optionalDependencies:
      fsevents: 2.3.3
    dev: true
